lockfileVersion: '9.0'

settings:
  autoInstallPeers: true
  excludeLinksFromLockfile: false

importers:

  .:
    dependencies:
      '@types/p5':
        specifier: ^1.7.6
        version: 1.7.6
      p5:
        specifier: ^1.10.0
        version: 1.10.0

packages:

  '@types/p5@1.7.6':
    resolution: {integrity: sha512-6pLTOo0V3N5jZb5nTwjiv3lPHLK3Z/TjbhQUj8CTWXocUk1Z/f6OHTp3Pcwi1BhWnf5gqKUcyEb1gP0KIJuQgw==}

  p5@1.10.0:
    resolution: {integrity: sha512-6cWYBFhnZz7jNC6p1VWvlt3QReMqrRSmO90bgECQIKB9oko2w/sKrOAVMyei5tjIzSYcSY0JHy+BRtSAWq24jQ==}

snapshots:

  '@types/p5@1.7.6': {}

  p5@1.10.0: {}
